// !$*UTF8*$!
{
	archiveVersion = 1;
	classes = {
	};
	objectVersion = 56;
	objects = {

/* Begin PBXBuildFile section */
		2D5241BC2B7F218900658461 /* OrderCloudWeatherApp.swift in Sources */ = {isa = PBXBuildFile; fileRef = 2D5241BB2B7F218900658461 /* OrderCloudWeatherApp.swift */; };
		2D5241BE2B7F218900658461 /* ContentView.swift in Sources */ = {isa = PBXBuildFile; fileRef = 2D5241BD2B7F218900658461 /* ContentView.swift */; };
		2D5241C02B7F218B00658461 /* Assets.xcassets in Resources */ = {isa = PBXBuildFile; fileRef = 2D5241BF2B7F218B00658461 /* Assets.xcassets */; };
		2D5241C32B7F218B00658461 /* Preview Assets.xcassets in Resources */ = {isa = PBXBuildFile; fileRef = 2D5241C22B7F218B00658461 /* Preview Assets.xcassets */; };
		2D5241CD2B7F218C00658461 /* OrderCloudWeatherTests.swift in Sources */ = {isa = PBXBuildFile; fileRef = 2D5241CC2B7F218C00658461 /* OrderCloudWeatherTests.swift */; };
		2D5241D72B7F218C00658461 /* OrderCloudWeatherUITests.swift in Sources */ = {isa = PBXBuildFile; fileRef = 2D5241D62B7F218C00658461 /* OrderCloudWeatherUITests.swift */; };
		2D5241D92B7F218C00658461 /* OrderCloudWeatherUITestsLaunchTests.swift in Sources */ = {isa = PBXBuildFile; fileRef = 2D5241D82B7F218C00658461 /* OrderCloudWeatherUITestsLaunchTests.swift */; };
		2D5241E92B7F21F300658461 /* HomeView.swift in Sources */ = {isa = PBXBuildFile; fileRef = 2D5241E82B7F21F300658461 /* HomeView.swift */; };
		2D5241EE2B7F229800658461 /* Weather.swift in Sources */ = {isa = PBXBuildFile; fileRef = 2D5241ED2B7F229800658461 /* Weather.swift */; };
		2D5241F12B7F240000658461 /* WeatherService.swift in Sources */ = {isa = PBXBuildFile; fileRef = 2D5241F02B7F240000658461 /* WeatherService.swift */; };
		2D5241F42B7F243500658461 /* NetworkErrorEnum.swift in Sources */ = {isa = PBXBuildFile; fileRef = 2D5241F32B7F243500658461 /* NetworkErrorEnum.swift */; };
		2D5241F72B7F251D00658461 /* LocationHelper.swift in Sources */ = {isa = PBXBuildFile; fileRef = 2D5241F62B7F251D00658461 /* LocationHelper.swift */; };
		2D5241F92B7F26D500658461 /* Constants.swift in Sources */ = {isa = PBXBuildFile; fileRef = 2D5241F82B7F26D500658461 /* Constants.swift */; };
		2D5242032B7F31F500658461 /* Formatter.swift in Sources */ = {isa = PBXBuildFile; fileRef = 2D5242022B7F31F500658461 /* Formatter.swift */; };
		2D5242062B7F397900658461 /* HomeViewModel.swift in Sources */ = {isa = PBXBuildFile; fileRef = 2D5242052B7F397900658461 /* HomeViewModel.swift */; };
		2D5242082B7F3A8F00658461 /* HomeViewModelTests.swift in Sources */ = {isa = PBXBuildFile; fileRef = 2D5242072B7F3A8F00658461 /* HomeViewModelTests.swift */; };
		2D52420A2B7F3E9600658461 /* ImageHelper.swift in Sources */ = {isa = PBXBuildFile; fileRef = 2D5242092B7F3E9600658461 /* ImageHelper.swift */; };
		2D52420D2B7F436400658461 /* ForecastViewModel.swift in Sources */ = {isa = PBXBuildFile; fileRef = 2D52420C2B7F436400658461 /* ForecastViewModel.swift */; };
		2D52420F2B7F437500658461 /* ForecastView.swift in Sources */ = {isa = PBXBuildFile; fileRef = 2D52420E2B7F437500658461 /* ForecastView.swift */; };
		2D5242112B7F473900658461 /* WeatherFormatted.swift in Sources */ = {isa = PBXBuildFile; fileRef = 2D5242102B7F473900658461 /* WeatherFormatted.swift */; };
/* End PBXBuildFile section */

/* Begin PBXContainerItemProxy section */
		2D5241C92B7F218C00658461 /* PBXContainerItemProxy */ = {
			isa = PBXContainerItemProxy;
			containerPortal = 2D5241B02B7F218900658461 /* Project object */;
			proxyType = 1;
			remoteGlobalIDString = 2D5241B72B7F218900658461;
			remoteInfo = OrderCloudWeather;
		};
		2D5241D32B7F218C00658461 /* PBXContainerItemProxy */ = {
			isa = PBXContainerItemProxy;
			containerPortal = 2D5241B02B7F218900658461 /* Project object */;
			proxyType = 1;
			remoteGlobalIDString = 2D5241B72B7F218900658461;
			remoteInfo = OrderCloudWeather;
		};
/* End PBXContainerItemProxy section */

/* Begin PBXFileReference section */
		2D5241B82B7F218900658461 /* OrderCloudWeather.app */ = {isa = PBXFileReference; explicitFileType = wrapper.application; includeInIndex = 0; path = OrderCloudWeather.app; sourceTree = BUILT_PRODUCTS_DIR; };
		2D5241BB2B7F218900658461 /* OrderCloudWeatherApp.swift */ = {isa = PBXFileReference; lastKnownFileType = sourcecode.swift; path = OrderCloudWeatherApp.swift; sourceTree = "<group>"; };
		2D5241BD2B7F218900658461 /* ContentView.swift */ = {isa = PBXFileReference; lastKnownFileType = sourcecode.swift; path = ContentView.swift; sourceTree = "<group>"; };
		2D5241BF2B7F218B00658461 /* Assets.xcassets */ = {isa = PBXFileReference; lastKnownFileType = folder.assetcatalog; path = Assets.xcassets; sourceTree = "<group>"; };
		2D5241C22B7F218B00658461 /* Preview Assets.xcassets */ = {isa = PBXFileReference; lastKnownFileType = folder.assetcatalog; path = "Preview Assets.xcassets"; sourceTree = "<group>"; };
		2D5241C82B7F218C00658461 /* OrderCloudWeatherTests.xctest */ = {isa = PBXFileReference; explicitFileType = wrapper.cfbundle; includeInIndex = 0; path = OrderCloudWeatherTests.xctest; sourceTree = BUILT_PRODUCTS_DIR; };
		2D5241CC2B7F218C00658461 /* OrderCloudWeatherTests.swift */ = {isa = PBXFileReference; lastKnownFileType = sourcecode.swift; path = OrderCloudWeatherTests.swift; sourceTree = "<group>"; };
		2D5241D22B7F218C00658461 /* OrderCloudWeatherUITests.xctest */ = {isa = PBXFileReference; explicitFileType = wrapper.cfbundle; includeInIndex = 0; path = OrderCloudWeatherUITests.xctest; sourceTree = BUILT_PRODUCTS_DIR; };
		2D5241D62B7F218C00658461 /* OrderCloudWeatherUITests.swift */ = {isa = PBXFileReference; lastKnownFileType = sourcecode.swift; path = OrderCloudWeatherUITests.swift; sourceTree = "<group>"; };
		2D5241D82B7F218C00658461 /* OrderCloudWeatherUITestsLaunchTests.swift */ = {isa = PBXFileReference; lastKnownFileType = sourcecode.swift; path = OrderCloudWeatherUITestsLaunchTests.swift; sourceTree = "<group>"; };
		2D5241E82B7F21F300658461 /* HomeView.swift */ = {isa = PBXFileReference; lastKnownFileType = sourcecode.swift; path = HomeView.swift; sourceTree = "<group>"; };
		2D5241ED2B7F229800658461 /* Weather.swift */ = {isa = PBXFileReference; lastKnownFileType = sourcecode.swift; path = Weather.swift; sourceTree = "<group>"; };
		2D5241F02B7F240000658461 /* WeatherService.swift */ = {isa = PBXFileReference; lastKnownFileType = sourcecode.swift; path = WeatherService.swift; sourceTree = "<group>"; };
		2D5241F32B7F243500658461 /* NetworkErrorEnum.swift */ = {isa = PBXFileReference; lastKnownFileType = sourcecode.swift; path = NetworkErrorEnum.swift; sourceTree = "<group>"; };
		2D5241F62B7F251D00658461 /* LocationHelper.swift */ = {isa = PBXFileReference; lastKnownFileType = sourcecode.swift; path = LocationHelper.swift; sourceTree = "<group>"; };
		2D5241F82B7F26D500658461 /* Constants.swift */ = {isa = PBXFileReference; lastKnownFileType = sourcecode.swift; path = Constants.swift; sourceTree = "<group>"; };
		2D5242022B7F31F500658461 /* Formatter.swift */ = {isa = PBXFileReference; lastKnownFileType = sourcecode.swift; path = Formatter.swift; sourceTree = "<group>"; };
		2D5242052B7F397900658461 /* HomeViewModel.swift */ = {isa = PBXFileReference; lastKnownFileType = sourcecode.swift; path = HomeViewModel.swift; sourceTree = "<group>"; };
		2D5242072B7F3A8F00658461 /* HomeViewModelTests.swift */ = {isa = PBXFileReference; lastKnownFileType = sourcecode.swift; path = HomeViewModelTests.swift; sourceTree = "<group>"; };
		2D5242092B7F3E9600658461 /* ImageHelper.swift */ = {isa = PBXFileReference; lastKnownFileType = sourcecode.swift; path = ImageHelper.swift; sourceTree = "<group>"; };
		2D52420C2B7F436400658461 /* ForecastViewModel.swift */ = {isa = PBXFileReference; lastKnownFileType = sourcecode.swift; path = ForecastViewModel.swift; sourceTree = "<group>"; };
		2D52420E2B7F437500658461 /* ForecastView.swift */ = {isa = PBXFileReference; lastKnownFileType = sourcecode.swift; path = ForecastView.swift; sourceTree = "<group>"; };
		2D5242102B7F473900658461 /* WeatherFormatted.swift */ = {isa = PBXFileReference; lastKnownFileType = sourcecode.swift; path = WeatherFormatted.swift; sourceTree = "<group>"; };
/* End PBXFileReference section */

/* Begin PBXFrameworksBuildPhase section */
		2D5241B52B7F218900658461 /* Frameworks */ = {
			isa = PBXFrameworksBuildPhase;
			buildActionMask = 2147483647;
			files = (
			);
			runOnlyForDeploymentPostprocessing = 0;
		};
		2D5241C52B7F218C00658461 /* Frameworks */ = {
			isa = PBXFrameworksBuildPhase;
			buildActionMask = 2147483647;
			files = (
			);
			runOnlyForDeploymentPostprocessing = 0;
		};
		2D5241CF2B7F218C00658461 /* Frameworks */ = {
			isa = PBXFrameworksBuildPhase;
			buildActionMask = 2147483647;
			files = (
			);
			runOnlyForDeploymentPostprocessing = 0;
		};
/* End PBXFrameworksBuildPhase section */

/* Begin PBXGroup section */
		2D5241AF2B7F218900658461 = {
			isa = PBXGroup;
			children = (
				2D5241BA2B7F218900658461 /* OrderCloudWeather */,
				2D5241CB2B7F218C00658461 /* OrderCloudWeatherTests */,
				2D5241D52B7F218C00658461 /* OrderCloudWeatherUITests */,
				2D5241B92B7F218900658461 /* Products */,
			);
			sourceTree = "<group>";
		};
		2D5241B92B7F218900658461 /* Products */ = {
			isa = PBXGroup;
			children = (
				2D5241B82B7F218900658461 /* OrderCloudWeather.app */,
				2D5241C82B7F218C00658461 /* OrderCloudWeatherTests.xctest */,
				2D5241D22B7F218C00658461 /* OrderCloudWeatherUITests.xctest */,
			);
			name = Products;
			sourceTree = "<group>";
		};
		2D5241BA2B7F218900658461 /* OrderCloudWeather */ = {
			isa = PBXGroup;
			children = (
				2D5241F52B7F250100658461 /* Helpers */,
				2D5241F22B7F241700658461 /* Enums */,
				2D5241EF2B7F23C700658461 /* Services */,
				2D5241EC2B7F228200658461 /* Models */,
				2D5241E62B7F21D600658461 /* Features */,
				2D5241BB2B7F218900658461 /* OrderCloudWeatherApp.swift */,
				2D5241BD2B7F218900658461 /* ContentView.swift */,
				2D5241BF2B7F218B00658461 /* Assets.xcassets */,
				2D5241C12B7F218B00658461 /* Preview Content */,
			);
			path = OrderCloudWeather;
			sourceTree = "<group>";
		};
		2D5241C12B7F218B00658461 /* Preview Content */ = {
			isa = PBXGroup;
			children = (
				2D5241C22B7F218B00658461 /* Preview Assets.xcassets */,
			);
			path = "Preview Content";
			sourceTree = "<group>";
		};
		2D5241CB2B7F218C00658461 /* OrderCloudWeatherTests */ = {
			isa = PBXGroup;
			children = (
				2D5241CC2B7F218C00658461 /* OrderCloudWeatherTests.swift */,
				2D5242072B7F3A8F00658461 /* HomeViewModelTests.swift */,
			);
			path = OrderCloudWeatherTests;
			sourceTree = "<group>";
		};
		2D5241D52B7F218C00658461 /* OrderCloudWeatherUITests */ = {
			isa = PBXGroup;
			children = (
				2D5241D62B7F218C00658461 /* OrderCloudWeatherUITests.swift */,
				2D5241D82B7F218C00658461 /* OrderCloudWeatherUITestsLaunchTests.swift */,
			);
			path = OrderCloudWeatherUITests;
			sourceTree = "<group>";
		};
		2D5241E62B7F21D600658461 /* Features */ = {
			isa = PBXGroup;
			children = (
				2D52420B2B7F434100658461 /* Forecast */,
				2D5241E72B7F21E000658461 /* Home */,
			);
			path = Features;
			sourceTree = "<group>";
		};
		2D5241E72B7F21E000658461 /* Home */ = {
			isa = PBXGroup;
			children = (
				2D5241E82B7F21F300658461 /* HomeView.swift */,
				2D5242052B7F397900658461 /* HomeViewModel.swift */,
			);
			path = Home;
			sourceTree = "<group>";
		};
		2D5241EC2B7F228200658461 /* Models */ = {
			isa = PBXGroup;
			children = (
				2D5241ED2B7F229800658461 /* Weather.swift */,
				2D5242102B7F473900658461 /* WeatherFormatted.swift */,
			);
			path = Models;
			sourceTree = "<group>";
		};
		2D5241EF2B7F23C700658461 /* Services */ = {
			isa = PBXGroup;
			children = (
				2D5241F02B7F240000658461 /* WeatherService.swift */,
			);
			path = Services;
			sourceTree = "<group>";
		};
		2D5241F22B7F241700658461 /* Enums */ = {
			isa = PBXGroup;
			children = (
				2D5241F32B7F243500658461 /* NetworkErrorEnum.swift */,
			);
			path = Enums;
			sourceTree = "<group>";
		};
		2D5241F52B7F250100658461 /* Helpers */ = {
			isa = PBXGroup;
			children = (
				2D5241F62B7F251D00658461 /* LocationHelper.swift */,
				2D5241F82B7F26D500658461 /* Constants.swift */,
				2D5242022B7F31F500658461 /* Formatter.swift */,
				2D5242092B7F3E9600658461 /* ImageHelper.swift */,
			);
			path = Helpers;
			sourceTree = "<group>";
		};
		2D52420B2B7F434100658461 /* Forecast */ = {
			isa = PBXGroup;
			children = (
				2D52420C2B7F436400658461 /* ForecastViewModel.swift */,
				2D52420E2B7F437500658461 /* ForecastView.swift */,
			);
			path = Forecast;
			sourceTree = "<group>";
		};
/* End PBXGroup section */

/* Begin PBXNativeTarget section */
		2D5241B72B7F218900658461 /* OrderCloudWeather */ = {
			isa = PBXNativeTarget;
			buildConfigurationList = 2D5241DC2B7F218C00658461 /* Build configuration list for PBXNativeTarget "OrderCloudWeather" */;
			buildPhases = (
				2D5241B42B7F218900658461 /* Sources */,
				2D5241B52B7F218900658461 /* Frameworks */,
				2D5241B62B7F218900658461 /* Resources */,
			);
			buildRules = (
			);
			dependencies = (
			);
			name = OrderCloudWeather;
			productName = OrderCloudWeather;
			productReference = 2D5241B82B7F218900658461 /* OrderCloudWeather.app */;
			productType = "com.apple.product-type.application";
		};
		2D5241C72B7F218C00658461 /* OrderCloudWeatherTests */ = {
			isa = PBXNativeTarget;
			buildConfigurationList = 2D5241DF2B7F218C00658461 /* Build configuration list for PBXNativeTarget "OrderCloudWeatherTests" */;
			buildPhases = (
				2D5241C42B7F218C00658461 /* Sources */,
				2D5241C52B7F218C00658461 /* Frameworks */,
				2D5241C62B7F218C00658461 /* Resources */,
			);
			buildRules = (
			);
			dependencies = (
				2D5241CA2B7F218C00658461 /* PBXTargetDependency */,
			);
			name = OrderCloudWeatherTests;
			productName = OrderCloudWeatherTests;
			productReference = 2D5241C82B7F218C00658461 /* OrderCloudWeatherTests.xctest */;
			productType = "com.apple.product-type.bundle.unit-test";
		};
		2D5241D12B7F218C00658461 /* OrderCloudWeatherUITests */ = {
			isa = PBXNativeTarget;
			buildConfigurationList = 2D5241E22B7F218C00658461 /* Build configuration list for PBXNativeTarget "OrderCloudWeatherUITests" */;
			buildPhases = (
				2D5241CE2B7F218C00658461 /* Sources */,
				2D5241CF2B7F218C00658461 /* Frameworks */,
				2D5241D02B7F218C00658461 /* Resources */,
			);
			buildRules = (
			);
			dependencies = (
				2D5241D42B7F218C00658461 /* PBXTargetDependency */,
			);
			name = OrderCloudWeatherUITests;
			productName = OrderCloudWeatherUITests;
			productReference = 2D5241D22B7F218C00658461 /* OrderCloudWeatherUITests.xctest */;
			productType = "com.apple.product-type.bundle.ui-testing";
		};
/* End PBXNativeTarget section */

/* Begin PBXProject section */
		2D5241B02B7F218900658461 /* Project object */ = {
			isa = PBXProject;
			attributes = {
				BuildIndependentTargetsInParallel = 1;
				LastSwiftUpdateCheck = 1510;
				LastUpgradeCheck = 1510;
				TargetAttributes = {
					2D5241B72B7F218900658461 = {
						CreatedOnToolsVersion = 15.1;
					};
					2D5241C72B7F218C00658461 = {
						CreatedOnToolsVersion = 15.1;
						TestTargetID = 2D5241B72B7F218900658461;
					};
					2D5241D12B7F218C00658461 = {
						CreatedOnToolsVersion = 15.1;
						TestTargetID = 2D5241B72B7F218900658461;
					};
				};
			};
			buildConfigurationList = 2D5241B32B7F218900658461 /* Build configuration list for PBXProject "OrderCloudWeather" */;
			compatibilityVersion = "Xcode 14.0";
			developmentRegion = en;
			hasScannedForEncodings = 0;
			knownRegions = (
				en,
				Base,
			);
			mainGroup = 2D5241AF2B7F218900658461;
			productRefGroup = 2D5241B92B7F218900658461 /* Products */;
			projectDirPath = "";
			projectRoot = "";
			targets = (
				2D5241B72B7F218900658461 /* OrderCloudWeather */,
				2D5241C72B7F218C00658461 /* OrderCloudWeatherTests */,
				2D5241D12B7F218C00658461 /* OrderCloudWeatherUITests */,
			);
		};
/* End PBXProject section */

/* Begin PBXResourcesBuildPhase section */
		2D5241B62B7F218900658461 /* Resources */ = {
			isa = PBXResourcesBuildPhase;
			buildActionMask = 2147483647;
			files = (
				2D5241C32B7F218B00658461 /* Preview Assets.xcassets in Resources */,
				2D5241C02B7F218B00658461 /* Assets.xcassets in Resources */,
			);
			runOnlyForDeploymentPostprocessing = 0;
		};
		2D5241C62B7F218C00658461 /* Resources */ = {
			isa = PBXResourcesBuildPhase;
			buildActionMask = 2147483647;
			files = (
			);
			runOnlyForDeploymentPostprocessing = 0;
		};
		2D5241D02B7F218C00658461 /* Resources */ = {
			isa = PBXResourcesBuildPhase;
			buildActionMask = 2147483647;
			files = (
			);
			runOnlyForDeploymentPostprocessing = 0;
		};
/* End PBXResourcesBuildPhase section */

/* Begin PBXSourcesBuildPhase section */
		2D5241B42B7F218900658461 /* Sources */ = {
			isa = PBXSourcesBuildPhase;
			buildActionMask = 2147483647;
			files = (
				2D5241F72B7F251D00658461 /* LocationHelper.swift in Sources */,
				2D5241F12B7F240000658461 /* WeatherService.swift in Sources */,
				2D5242032B7F31F500658461 /* Formatter.swift in Sources */,
				2D5242062B7F397900658461 /* HomeViewModel.swift in Sources */,
				2D5241E92B7F21F300658461 /* HomeView.swift in Sources */,
				2D5241BE2B7F218900658461 /* ContentView.swift in Sources */,
				2D52420F2B7F437500658461 /* ForecastView.swift in Sources */,
				2D5242112B7F473900658461 /* WeatherFormatted.swift in Sources */,
				2D5241BC2B7F218900658461 /* OrderCloudWeatherApp.swift in Sources */,
				2D5241F42B7F243500658461 /* NetworkErrorEnum.swift in Sources */,
				2D5241EE2B7F229800658461 /* Weather.swift in Sources */,
				2D52420D2B7F436400658461 /* ForecastViewModel.swift in Sources */,
				2D5241F92B7F26D500658461 /* Constants.swift in Sources */,
				2D52420A2B7F3E9600658461 /* ImageHelper.swift in Sources */,
			);
			runOnlyForDeploymentPostprocessing = 0;
		};
		2D5241C42B7F218C00658461 /* Sources */ = {
			isa = PBXSourcesBuildPhase;
			buildActionMask = 2147483647;
			files = (
				2D5241CD2B7F218C00658461 /* OrderCloudWeatherTests.swift in Sources */,
				2D5242082B7F3A8F00658461 /* HomeViewModelTests.swift in Sources */,
			);
			runOnlyForDeploymentPostprocessing = 0;
		};
		2D5241CE2B7F218C00658461 /* Sources */ = {
			isa = PBXSourcesBuildPhase;
			buildActionMask = 2147483647;
			files = (
				2D5241D92B7F218C00658461 /* OrderCloudWeatherUITestsLaunchTests.swift in Sources */,
				2D5241D72B7F218C00658461 /* OrderCloudWeatherUITests.swift in Sources */,
			);
			runOnlyForDeploymentPostprocessing = 0;
		};
/* End PBXSourcesBuildPhase section */

/* Begin PBXTargetDependency section */
		2D5241CA2B7F218C00658461 /* PBXTargetDependency */ = {
			isa = PBXTargetDependency;
			target = 2D5241B72B7F218900658461 /* OrderCloudWeather */;
			targetProxy = 2D5241C92B7F218C00658461 /* PBXContainerItemProxy */;
		};
		2D5241D42B7F218C00658461 /* PBXTargetDependency */ = {
			isa = PBXTargetDependency;
			target = 2D5241B72B7F218900658461 /* OrderCloudWeather */;
			targetProxy = 2D5241D32B7F218C00658461 /* PBXContainerItemProxy */;
		};
/* End PBXTargetDependency section */

/* Begin XCBuildConfiguration section */
		2D5241DA2B7F218C00658461 /* Debug */ = {
			isa = XCBuildConfiguration;
			buildSettings = {
				ALWAYS_SEARCH_USER_PATHS = NO;
				ASSETCATALOG_COMPILER_GENERATE_SWIFT_ASSET_SYMBOL_EXTENSIONS = YES;
				CLANG_ANALYZER_NONNULL = YES;
				CLANG_ANALYZER_NUMBER_OBJECT_CONVERSION = YES_AGGRESSIVE;
				CLANG_CXX_LANGUAGE_STANDARD = "gnu++20";
				CLANG_ENABLE_MODULES = YES;
				CLANG_ENABLE_OBJC_ARC = YES;
				CLANG_ENABLE_OBJC_WEAK = YES;
				CLANG_WARN_BLOCK_CAPTURE_AUTORELEASING = YES;
				CLANG_WARN_BOOL_CONVERSION = YES;
				CLANG_WARN_COMMA = YES;
				CLANG_WARN_CONSTANT_CONVERSION = YES;
				CLANG_WARN_DEPRECATED_OBJC_IMPLEMENTATIONS = YES;
				CLANG_WARN_DIRECT_OBJC_ISA_USAGE = YES_ERROR;
				CLANG_WARN_DOCUMENTATION_COMMENTS = YES;
				CLANG_WARN_EMPTY_BODY = YES;
				CLANG_WARN_ENUM_CONVERSION = YES;
				CLANG_WARN_INFINITE_RECURSION = YES;
				CLANG_WARN_INT_CONVERSION = YES;
				CLANG_WARN_NON_LITERAL_NULL_CONVERSION = YES;
				CLANG_WARN_OBJC_IMPLICIT_RETAIN_SELF = YES;
				CLANG_WARN_OBJC_LITERAL_CONVERSION = YES;
				CLANG_WARN_OBJC_ROOT_CLASS = YES_ERROR;
				CLANG_WARN_QUOTED_INCLUDE_IN_FRAMEWORK_HEADER = YES;
				CLANG_WARN_RANGE_LOOP_ANALYSIS = YES;
				CLANG_WARN_STRICT_PROTOTYPES = YES;
				CLANG_WARN_SUSPICIOUS_MOVE = YES;
				CLANG_WARN_UNGUARDED_AVAILABILITY = YES_AGGRESSIVE;
				CLANG_WARN_UNREACHABLE_CODE = YES;
				CLANG_WARN__DUPLICATE_METHOD_MATCH = YES;
				COPY_PHASE_STRIP = NO;
				DEBUG_INFORMATION_FORMAT = dwarf;
				ENABLE_STRICT_OBJC_MSGSEND = YES;
				ENABLE_TESTABILITY = YES;
				ENABLE_USER_SCRIPT_SANDBOXING = YES;
				GCC_C_LANGUAGE_STANDARD = gnu17;
				GCC_DYNAMIC_NO_PIC = NO;
				GCC_NO_COMMON_BLOCKS = YES;
				GCC_OPTIMIZATION_LEVEL = 0;
				GCC_PREPROCESSOR_DEFINITIONS = (
					"DEBUG=1",
					"$(inherited)",
				);
				GCC_WARN_64_TO_32_BIT_CONVERSION = YES;
				GCC_WARN_ABOUT_RETURN_TYPE = YES_ERROR;
				GCC_WARN_UNDECLARED_SELECTOR = YES;
				GCC_WARN_UNINITIALIZED_AUTOS = YES_AGGRESSIVE;
				GCC_WARN_UNUSED_FUNCTION = YES;
				GCC_WARN_UNUSED_VARIABLE = YES;
				IPHONEOS_DEPLOYMENT_TARGET = 17.2;
				LOCALIZATION_PREFERS_STRING_CATALOGS = YES;
				MTL_ENABLE_DEBUG_INFO = INCLUDE_SOURCE;
				MTL_FAST_MATH = YES;
				ONLY_ACTIVE_ARCH = YES;
				SDKROOT = iphoneos;
				SWIFT_ACTIVE_COMPILATION_CONDITIONS = "DEBUG $(inherited)";
				SWIFT_OPTIMIZATION_LEVEL = "-Onone";
			};
			name = Debug;
		};
		2D5241DB2B7F218C00658461 /* Release */ = {
			isa = XCBuildConfiguration;
			buildSettings = {
				ALWAYS_SEARCH_USER_PATHS = NO;
				ASSETCATALOG_COMPILER_GENERATE_SWIFT_ASSET_SYMBOL_EXTENSIONS = YES;
				CLANG_ANALYZER_NONNULL = YES;
				CLANG_ANALYZER_NUMBER_OBJECT_CONVERSION = YES_AGGRESSIVE;
				CLANG_CXX_LANGUAGE_STANDARD = "gnu++20";
				CLANG_ENABLE_MODULES = YES;
				CLANG_ENABLE_OBJC_ARC = YES;
				CLANG_ENABLE_OBJC_WEAK = YES;
				CLANG_WARN_BLOCK_CAPTURE_AUTORELEASING = YES;
				CLANG_WARN_BOOL_CONVERSION = YES;
				CLANG_WARN_COMMA = YES;
				CLANG_WARN_CONSTANT_CONVERSION = YES;
				CLANG_WARN_DEPRECATED_OBJC_IMPLEMENTATIONS = YES;
				CLANG_WARN_DIRECT_OBJC_ISA_USAGE = YES_ERROR;
				CLANG_WARN_DOCUMENTATION_COMMENTS = YES;
				CLANG_WARN_EMPTY_BODY = YES;
				CLANG_WARN_ENUM_CONVERSION = YES;
				CLANG_WARN_INFINITE_RECURSION = YES;
				CLANG_WARN_INT_CONVERSION = YES;
				CLANG_WARN_NON_LITERAL_NULL_CONVERSION = YES;
				CLANG_WARN_OBJC_IMPLICIT_RETAIN_SELF = YES;
				CLANG_WARN_OBJC_LITERAL_CONVERSION = YES;
				CLANG_WARN_OBJC_ROOT_CLASS = YES_ERROR;
				CLANG_WARN_QUOTED_INCLUDE_IN_FRAMEWORK_HEADER = YES;
				CLANG_WARN_RANGE_LOOP_ANALYSIS = YES;
				CLANG_WARN_STRICT_PROTOTYPES = YES;
				CLANG_WARN_SUSPICIOUS_MOVE = YES;
				CLANG_WARN_UNGUARDED_AVAILABILITY = YES_AGGRESSIVE;
				CLANG_WARN_UNREACHABLE_CODE = YES;
				CLANG_WARN__DUPLICATE_METHOD_MATCH = YES;
				COPY_PHASE_STRIP = NO;
				DEBUG_INFORMATION_FORMAT = "dwarf-with-dsym";
				ENABLE_NS_ASSERTIONS = NO;
				ENABLE_STRICT_OBJC_MSGSEND = YES;
				ENABLE_USER_SCRIPT_SANDBOXING = YES;
				GCC_C_LANGUAGE_STANDARD = gnu17;
				GCC_NO_COMMON_BLOCKS = YES;
				GCC_WARN_64_TO_32_BIT_CONVERSION = YES;
				GCC_WARN_ABOUT_RETURN_TYPE = YES_ERROR;
				GCC_WARN_UNDECLARED_SELECTOR = YES;
				GCC_WARN_UNINITIALIZED_AUTOS = YES_AGGRESSIVE;
				GCC_WARN_UNUSED_FUNCTION = YES;
				GCC_WARN_UNUSED_VARIABLE = YES;
				IPHONEOS_DEPLOYMENT_TARGET = 17.2;
				LOCALIZATION_PREFERS_STRING_CATALOGS = YES;
				MTL_ENABLE_DEBUG_INFO = NO;
				MTL_FAST_MATH = YES;
				SDKROOT = iphoneos;
				SWIFT_COMPILATION_MODE = wholemodule;
				VALIDATE_PRODUCT = YES;
			};
			name = Release;
		};
		2D5241DD2B7F218C00658461 /* Debug */ = {
			isa = XCBuildConfiguration;
			buildSettings = {
				ASSETCATALOG_COMPILER_APPICON_NAME = AppIcon;
				ASSETCATALOG_COMPILER_GLOBAL_ACCENT_COLOR_NAME = AccentColor;
				CODE_SIGN_STYLE = Automatic;
				CURRENT_PROJECT_VERSION = 1;
				DEVELOPMENT_ASSET_PATHS = "\"OrderCloudWeather/Preview Content\"";
				ENABLE_PREVIEWS = YES;
				GENERATE_INFOPLIST_FILE = YES;
				INFOPLIST_KEY_UIApplicationSceneManifest_Generation = YES;
				INFOPLIST_KEY_UIApplicationSupportsIndirectInputEvents = YES;
				INFOPLIST_KEY_UILaunchScreen_Generation = YES;
				INFOPLIST_KEY_UISupportedInterfaceOrientations_iPad = "UIInterfaceOrientationPortrait UIInterfaceOrientationPortraitUpsideDown UIInterfaceOrientationLandscapeLeft UIInterfaceOrientationLandscapeRight";
				INFOPLIST_KEY_UISupportedInterfaceOrientations_iPhone = "UIInterfaceOrientationPortrait UIInterfaceOrientationLandscapeLeft UIInterfaceOrientationLandscapeRight";
				LD_RUNPATH_SEARCH_PATHS = (
					"$(inherited)",
					"@executable_path/Frameworks",
				);
				MARKETING_VERSION = 1.0;
				PRODUCT_BUNDLE_IDENTIFIER = tariq.OrderCloudWeather;
				PRODUCT_NAME = "$(TARGET_NAME)";
				SWIFT_EMIT_LOC_STRINGS = YES;
				SWIFT_VERSION = 5.0;
				TARGETED_DEVICE_FAMILY = "1,2";
			};
			name = Debug;
		};
		2D5241DE2B7F218C00658461 /* Release */ = {
			isa = XCBuildConfiguration;
			buildSettings = {
				ASSETCATALOG_COMPILER_APPICON_NAME = AppIcon;
				ASSETCATALOG_COMPILER_GLOBAL_ACCENT_COLOR_NAME = AccentColor;
				CODE_SIGN_STYLE = Automatic;
				CURRENT_PROJECT_VERSION = 1;
				DEVELOPMENT_ASSET_PATHS = "\"OrderCloudWeather/Preview Content\"";
				ENABLE_PREVIEWS = YES;
				GENERATE_INFOPLIST_FILE = YES;
				INFOPLIST_KEY_UIApplicationSceneManifest_Generation = YES;
				INFOPLIST_KEY_UIApplicationSupportsIndirectInputEvents = YES;
				INFOPLIST_KEY_UILaunchScreen_Generation = YES;
				INFOPLIST_KEY_UISupportedInterfaceOrientations_iPad = "UIInterfaceOrientationPortrait UIInterfaceOrientationPortraitUpsideDown UIInterfaceOrientationLandscapeLeft UIInterfaceOrientationLandscapeRight";
				INFOPLIST_KEY_UISupportedInterfaceOrientations_iPhone = "UIInterfaceOrientationPortrait UIInterfaceOrientationLandscapeLeft UIInterfaceOrientationLandscapeRight";
				LD_RUNPATH_SEARCH_PATHS = (
					"$(inherited)",
					"@executable_path/Frameworks",
				);
				MARKETING_VERSION = 1.0;
				PRODUCT_BUNDLE_IDENTIFIER = tariq.OrderCloudWeather;
				PRODUCT_NAME = "$(TARGET_NAME)";
				SWIFT_EMIT_LOC_STRINGS = YES;
				SWIFT_VERSION = 5.0;
				TARGETED_DEVICE_FAMILY = "1,2";
			};
			name = Release;
		};
		2D5241E02B7F218C00658461 /* Debug */ = {
			isa = XCBuildConfiguration;
			buildSettings = {
				ALWAYS_EMBED_SWIFT_STANDARD_LIBRARIES = YES;
				BUNDLE_LOADER = "$(TEST_HOST)";
				CODE_SIGN_STYLE = Automatic;
				CURRENT_PROJECT_VERSION = 1;
				GENERATE_INFOPLIST_FILE = YES;
				IPHONEOS_DEPLOYMENT_TARGET = 17.2;
				MARKETING_VERSION = 1.0;
				PRODUCT_BUNDLE_IDENTIFIER = tariq.OrderCloudWeatherTests;
				PRODUCT_NAME = "$(TARGET_NAME)";
				SWIFT_EMIT_LOC_STRINGS = NO;
				SWIFT_VERSION = 5.0;
				TARGETED_DEVICE_FAMILY = "1,2";
				TEST_HOST = "$(BUILT_PRODUCTS_DIR)/OrderCloudWeather.app/$(BUNDLE_EXECUTABLE_FOLDER_PATH)/OrderCloudWeather";
			};
			name = Debug;
		};
		2D5241E12B7F218C00658461 /* Release */ = {
			isa = XCBuildConfiguration;
			buildSettings = {
				ALWAYS_EMBED_SWIFT_STANDARD_LIBRARIES = YES;
				BUNDLE_LOADER = "$(TEST_HOST)";
				CODE_SIGN_STYLE = Automatic;
				CURRENT_PROJECT_VERSION = 1;
				GENERATE_INFOPLIST_FILE = YES;
				IPHONEOS_DEPLOYMENT_TARGET = 17.2;
				MARKETING_VERSION = 1.0;
				PRODUCT_BUNDLE_IDENTIFIER = tariq.OrderCloudWeatherTests;
				PRODUCT_NAME = "$(TARGET_NAME)";
				SWIFT_EMIT_LOC_STRINGS = NO;
				SWIFT_VERSION = 5.0;
				TARGETED_DEVICE_FAMILY = "1,2";
				TEST_HOST = "$(BUILT_PRODUCTS_DIR)/OrderCloudWeather.app/$(BUNDLE_EXECUTABLE_FOLDER_PATH)/OrderCloudWeather";
			};
			name = Release;
		};
		2D5241E32B7F218C00658461 /* Debug */ = {
			isa = XCBuildConfiguration;
			buildSettings = {
				ALWAYS_EMBED_SWIFT_STANDARD_LIBRARIES = YES;
				CODE_SIGN_STYLE = Automatic;
				CURRENT_PROJECT_VERSION = 1;
				GENERATE_INFOPLIST_FILE = YES;
				MARKETING_VERSION = 1.0;
				PRODUCT_BUNDLE_IDENTIFIER = tariq.OrderCloudWeatherUITests;
				PRODUCT_NAME = "$(TARGET_NAME)";
				SWIFT_EMIT_LOC_STRINGS = NO;
				SWIFT_VERSION = 5.0;
				TARGETED_DEVICE_FAMILY = "1,2";
				TEST_TARGET_NAME = OrderCloudWeather;
			};
			name = Debug;
		};
		2D5241E42B7F218C00658461 /* Release */ = {
			isa = XCBuildConfiguration;
			buildSettings = {
				ALWAYS_EMBED_SWIFT_STANDARD_LIBRARIES = YES;
				CODE_SIGN_STYLE = Automatic;
				CURRENT_PROJECT_VERSION = 1;
				GENERATE_INFOPLIST_FILE = YES;
				MARKETING_VERSION = 1.0;
				PRODUCT_BUNDLE_IDENTIFIER = tariq.OrderCloudWeatherUITests;
				PRODUCT_NAME = "$(TARGET_NAME)";
				SWIFT_EMIT_LOC_STRINGS = NO;
				SWIFT_VERSION = 5.0;
				TARGETED_DEVICE_FAMILY = "1,2";
				TEST_TARGET_NAME = OrderCloudWeather;
			};
			name = Release;
		};
/* End XCBuildConfiguration section */

/* Begin XCConfigurationList section */
		2D5241B32B7F218900658461 /* Build configuration list for PBXProject "OrderCloudWeather" */ = {
			isa = XCConfigurationList;
			buildConfigurations = (
				2D5241DA2B7F218C00658461 /* Debug */,
				2D5241DB2B7F218C00658461 /* Release */,
			);
			defaultConfigurationIsVisible = 0;
			defaultConfigurationName = Release;
		};
		2D5241DC2B7F218C00658461 /* Build configuration list for PBXNativeTarget "OrderCloudWeather" */ = {
			isa = XCConfigurationList;
			buildConfigurations = (
				2D5241DD2B7F218C00658461 /* Debug */,
				2D5241DE2B7F218C00658461 /* Release */,
			);
			defaultConfigurationIsVisible = 0;
			defaultConfigurationName = Release;
		};
		2D5241DF2B7F218C00658461 /* Build configuration list for PBXNativeTarget "OrderCloudWeatherTests" */ = {
			isa = XCConfigurationList;
			buildConfigurations = (
				2D5241E02B7F218C00658461 /* Debug */,
				2D5241E12B7F218C00658461 /* Release */,
			);
			defaultConfigurationIsVisible = 0;
			defaultConfigurationName = Release;
		};
		2D5241E22B7F218C00658461 /* Build configuration list for PBXNativeTarget "OrderCloudWeatherUITests" */ = {
			isa = XCConfigurationList;
			buildConfigurations = (
				2D5241E32B7F218C00658461 /* Debug */,
				2D5241E42B7F218C00658461 /* Release */,
			);
			defaultConfigurationIsVisible = 0;
			defaultConfigurationName = Release;
		};
/* End XCConfigurationList section */
	};
	rootObject = 2D5241B02B7F218900658461 /* Project object */;
}
